
Microsoft Visual Studio Solution File, Format Version 12.00
# Visual Studio Version 16
VisualStudioVersion = 16.0.31005.135
MinimumVisualStudioVersion = 10.0.40219.1
Project("{9A19103F-16F7-4668-BE54-9A1E7A4F7556}") = "EventPlanner", "EventPlanner.csproj", "{B9F85735-841A-44F1-A498-F0677255248C}"
EndProject
Global
	GlobalSection(SolutionConfigurationPlatforms) = preSolution
		Debug|Any CPU = Debug|Any CPU
		Release|Any CPU = Release|Any CPU
	EndGlobalSection
	GlobalSection(ProjectConfigurationPlatforms) = postSolution
		{B9F85735-841A-44F1-A498-F0677255248C}.Debug|Any CPU.ActiveCfg = Debug|Any CPU
		{B9F85735-841A-44F1-A498-F0677255248C}.Debug|Any CPU.Build.0 = Debug|Any CPU
		{B9F85735-841A-44F1-A498-F0677255248C}.Release|Any CPU.ActiveCfg = Release|Any CPU
		{B9F85735-841A-44F1-A498-F0677255248C}.Release|Any CPU.Build.0 = Release|Any CPU
	EndGlobalSection
	GlobalSection(SolutionProperties) = preSolution
		HideSolutionNode = FALSE
	EndGlobalSection
	GlobalSection(ExtensibilityGlobals) = postSolution
		SolutionGuid = {09CAAFB1-E2CD-4B4A-9DBD-150E35621359}
	EndGlobalSection
EndGlobal
